
Microsoft Visual Studio Solution File, Format Version 12.00
# Visual Studio 2012
Project("{888888A0-9F3D-457C-B088-3A5042F75D52}") = "kfimember", "kfimember.pyproj", "{ACD7E510-0C40-4359-B82E-BF984DBEB27C}"
EndProject
Project("{2150E333-8FDC-42A3-9474-1A3956D46DE8}") = "Solution Items", "Solution Items", "{27015403-5EF7-48E5-842F-F4D1EAA46E0E}"
	ProjectSection(SolutionItems) = preProject
		..\application = ..\application
		..\..\setup.py = ..\..\setup.py
	EndProjectSection
EndProject
Global
	GlobalSection(SolutionConfigurationPlatforms) = preSolution
		Debug|Any CPU = Debug|Any CPU
		Release|Any CPU = Release|Any CPU
	EndGlobalSection
	GlobalSection(ProjectConfigurationPlatforms) = postSolution
		{ACD7E510-0C40-4359-B82E-BF984DBEB27C}.Debug|Any CPU.ActiveCfg = Debug|Any CPU
		{ACD7E510-0C40-4359-B82E-BF984DBEB27C}.Debug|Any CPU.Build.0 = Debug|Any CPU
		{ACD7E510-0C40-4359-B82E-BF984DBEB27C}.Release|Any CPU.ActiveCfg = Release|Any CPU
		{ACD7E510-0C40-4359-B82E-BF984DBEB27C}.Release|Any CPU.Build.0 = Release|Any CPU
	EndGlobalSection
	GlobalSection(SolutionProperties) = preSolution
		HideSolutionNode = FALSE
	EndGlobalSection
EndGlobal
